
Microsoft Visual Studio Solution File, Format Version 12.00
# Visual Studio Version 17
VisualStudioVersion = 17.0.31903.59
MinimumVisualStudioVersion = 10.0.40219.1
Project("{2150E333-8FDC-42A3-9474-1A3956D46DE8}") = "src", "src", "{827E0CD3-B72D-47B6-A68D-7590B98EB39B}"
EndProject
Project("{FAE04EC0-301F-11D3-BF4B-00C04F79EFBC}") = "TaskHub.Api", "src\TaskHub.Api\TaskHub.Api.csproj", "{86A0AB8A-102B-47AC-8EEC-CD7B1B34030B}"
EndProject
Project("{FAE04EC0-301F-11D3-BF4B-00C04F79EFBC}") = "TaskHub.Core", "src\TaskHub.Core\TaskHub.Core.csproj", "{803719B9-71A7-4FCD-AF60-D0154BCCEDEF}"
EndProject
Project("{FAE04EC0-301F-11D3-BF4B-00C04F79EFBC}") = "TaskHub.Infrastructure", "src\TaskHub.Infrastructure\TaskHub.Infrastructure.csproj", "{0324183B-7C8C-4342-87DB-534B7D061CE6}"
EndProject
Project("{FAE04EC0-301F-11D3-BF4B-00C04F79EFBC}") = "TaskHub.Storage.InMemory", "src\TaskHub.Storage.InMemory\TaskHub.Storage.InMemory.csproj", "{E1C3CEE2-160B-4666-927D-6036B5C6175F}"
EndProject
Project("{FAE04EC0-301F-11D3-BF4B-00C04F79EFBC}") = "TaskHub.Storage.File", "src\TaskHub.Storage.File\TaskHub.Storage.File.csproj", "{74C74FE1-18B8-4A72-9510-6B790E7441DD}"
EndProject
Project("{2150E333-8FDC-42A3-9474-1A3956D46DE8}") = "Api", "Api", "{02EA681E-C7D8-13C7-8484-4AC65E1B71E8}"
EndProject
Project("{2150E333-8FDC-42A3-9474-1A3956D46DE8}") = "Core", "Core", "{23081F03-80C4-413A-87E6-EE37F35D8198}"
EndProject
Project("{2150E333-8FDC-42A3-9474-1A3956D46DE8}") = "Infrastructure", "Infrastructure", "{8C6BB1D9-C88F-4BAB-9AE4-5433BB184E3B}"
EndProject
Project("{2150E333-8FDC-42A3-9474-1A3956D46DE8}") = "File", "File", "{00D12C17-67B8-405B-8EC6-F5629151AA38}"
EndProject
Project("{2150E333-8FDC-42A3-9474-1A3956D46DE8}") = "InMemory", "InMemory", "{B66429B4-3C2D-4B8D-8575-AC61C115B4FA}"
EndProject
Project("{2150E333-8FDC-42A3-9474-1A3956D46DE8}") = "Application", "Application", "{7436A0D7-4A31-452F-AC62-A2593CFDB6C5}"
EndProject
Project("{FAE04EC0-301F-11D3-BF4B-00C04F79EFBC}") = "Task_hub.Application", "Task_hub.Application\Task_hub.Application.csproj", "{59A9C34C-DE61-4DB7-B1A4-7B234AA52CF3}"
EndProject
Global
	GlobalSection(SolutionConfigurationPlatforms) = preSolution
		Debug|Any CPU = Debug|Any CPU
		Debug|x64 = Debug|x64
		Debug|x86 = Debug|x86
		Release|Any CPU = Release|Any CPU
		Release|x64 = Release|x64
		Release|x86 = Release|x86
	EndGlobalSection
	GlobalSection(ProjectConfigurationPlatforms) = postSolution
		{86A0AB8A-102B-47AC-8EEC-CD7B1B34030B}.Debug|Any CPU.ActiveCfg = Debug|Any CPU
		{86A0AB8A-102B-47AC-8EEC-CD7B1B34030B}.Debug|Any CPU.Build.0 = Debug|Any CPU
		{86A0AB8A-102B-47AC-8EEC-CD7B1B34030B}.Debug|x64.ActiveCfg = Debug|Any CPU
		{86A0AB8A-102B-47AC-8EEC-CD7B1B34030B}.Debug|x64.Build.0 = Debug|Any CPU
		{86A0AB8A-102B-47AC-8EEC-CD7B1B34030B}.Debug|x86.ActiveCfg = Debug|Any CPU
		{86A0AB8A-102B-47AC-8EEC-CD7B1B34030B}.Debug|x86.Build.0 = Debug|Any CPU
		{86A0AB8A-102B-47AC-8EEC-CD7B1B34030B}.Release|Any CPU.ActiveCfg = Release|Any CPU
		{86A0AB8A-102B-47AC-8EEC-CD7B1B34030B}.Release|Any CPU.Build.0 = Release|Any CPU
		{86A0AB8A-102B-47AC-8EEC-CD7B1B34030B}.Release|x64.ActiveCfg = Release|Any CPU
		{86A0AB8A-102B-47AC-8EEC-CD7B1B34030B}.Release|x64.Build.0 = Release|Any CPU
		{86A0AB8A-102B-47AC-8EEC-CD7B1B34030B}.Release|x86.ActiveCfg = Release|Any CPU
		{86A0AB8A-102B-47AC-8EEC-CD7B1B34030B}.Release|x86.Build.0 = Release|Any CPU
		{803719B9-71A7-4FCD-AF60-D0154BCCEDEF}.Debug|Any CPU.ActiveCfg = Debug|Any CPU
		{803719B9-71A7-4FCD-AF60-D0154BCCEDEF}.Debug|Any CPU.Build.0 = Debug|Any CPU
		{803719B9-71A7-4FCD-AF60-D0154BCCEDEF}.Debug|x64.ActiveCfg = Debug|Any CPU
		{803719B9-71A7-4FCD-AF60-D0154BCCEDEF}.Debug|x64.Build.0 = Debug|Any CPU
		{803719B9-71A7-4FCD-AF60-D0154BCCEDEF}.Debug|x86.ActiveCfg = Debug|Any CPU
		{803719B9-71A7-4FCD-AF60-D0154BCCEDEF}.Debug|x86.Build.0 = Debug|Any CPU
		{803719B9-71A7-4FCD-AF60-D0154BCCEDEF}.Release|Any CPU.ActiveCfg = Release|Any CPU
		{803719B9-71A7-4FCD-AF60-D0154BCCEDEF}.Release|Any CPU.Build.0 = Release|Any CPU
		{803719B9-71A7-4FCD-AF60-D0154BCCEDEF}.Release|x64.ActiveCfg = Release|Any CPU
		{803719B9-71A7-4FCD-AF60-D0154BCCEDEF}.Release|x64.Build.0 = Release|Any CPU
		{803719B9-71A7-4FCD-AF60-D0154BCCEDEF}.Release|x86.ActiveCfg = Release|Any CPU
		{803719B9-71A7-4FCD-AF60-D0154BCCEDEF}.Release|x86.Build.0 = Release|Any CPU
		{0324183B-7C8C-4342-87DB-534B7D061CE6}.Debug|Any CPU.ActiveCfg = Debug|Any CPU
		{0324183B-7C8C-4342-87DB-534B7D061CE6}.Debug|Any CPU.Build.0 = Debug|Any CPU
		{0324183B-7C8C-4342-87DB-534B7D061CE6}.Debug|x64.ActiveCfg = Debug|Any CPU
		{0324183B-7C8C-4342-87DB-534B7D061CE6}.Debug|x64.Build.0 = Debug|Any CPU
		{0324183B-7C8C-4342-87DB-534B7D061CE6}.Debug|x86.ActiveCfg = Debug|Any CPU
		{0324183B-7C8C-4342-87DB-534B7D061CE6}.Debug|x86.Build.0 = Debug|Any CPU
		{0324183B-7C8C-4342-87DB-534B7D061CE6}.Release|Any CPU.ActiveCfg = Release|Any CPU
		{0324183B-7C8C-4342-87DB-534B7D061CE6}.Release|Any CPU.Build.0 = Release|Any CPU
		{0324183B-7C8C-4342-87DB-534B7D061CE6}.Release|x64.ActiveCfg = Release|Any CPU
		{0324183B-7C8C-4342-87DB-534B7D061CE6}.Release|x64.Build.0 = Release|Any CPU
		{0324183B-7C8C-4342-87DB-534B7D061CE6}.Release|x86.ActiveCfg = Release|Any CPU
		{0324183B-7C8C-4342-87DB-534B7D061CE6}.Release|x86.Build.0 = Release|Any CPU
		{E1C3CEE2-160B-4666-927D-6036B5C6175F}.Debug|Any CPU.ActiveCfg = Debug|Any CPU
		{E1C3CEE2-160B-4666-927D-6036B5C6175F}.Debug|Any CPU.Build.0 = Debug|Any CPU
		{E1C3CEE2-160B-4666-927D-6036B5C6175F}.Debug|x64.ActiveCfg = Debug|Any CPU
		{E1C3CEE2-160B-4666-927D-6036B5C6175F}.Debug|x64.Build.0 = Debug|Any CPU
		{E1C3CEE2-160B-4666-927D-6036B5C6175F}.Debug|x86.ActiveCfg = Debug|Any CPU
		{E1C3CEE2-160B-4666-927D-6036B5C6175F}.Debug|x86.Build.0 = Debug|Any CPU
		{E1C3CEE2-160B-4666-927D-6036B5C6175F}.Release|Any CPU.ActiveCfg = Release|Any CPU
		{E1C3CEE2-160B-4666-927D-6036B5C6175F}.Release|Any CPU.Build.0 = Release|Any CPU
		{E1C3CEE2-160B-4666-927D-6036B5C6175F}.Release|x64.ActiveCfg = Release|Any CPU
		{E1C3CEE2-160B-4666-927D-6036B5C6175F}.Release|x64.Build.0 = Release|Any CPU
		{E1C3CEE2-160B-4666-927D-6036B5C6175F}.Release|x86.ActiveCfg = Release|Any CPU
		{E1C3CEE2-160B-4666-927D-6036B5C6175F}.Release|x86.Build.0 = Release|Any CPU
		{74C74FE1-18B8-4A72-9510-6B790E7441DD}.Debug|Any CPU.ActiveCfg = Debug|Any CPU
		{74C74FE1-18B8-4A72-9510-6B790E7441DD}.Debug|Any CPU.Build.0 = Debug|Any CPU
		{74C74FE1-18B8-4A72-9510-6B790E7441DD}.Debug|x64.ActiveCfg = Debug|Any CPU
		{74C74FE1-18B8-4A72-9510-6B790E7441DD}.Debug|x64.Build.0 = Debug|Any CPU
		{74C74FE1-18B8-4A72-9510-6B790E7441DD}.Debug|x86.ActiveCfg = Debug|Any CPU
		{74C74FE1-18B8-4A72-9510-6B790E7441DD}.Debug|x86.Build.0 = Debug|Any CPU
		{74C74FE1-18B8-4A72-9510-6B790E7441DD}.Release|Any CPU.ActiveCfg = Release|Any CPU
		{74C74FE1-18B8-4A72-9510-6B790E7441DD}.Release|Any CPU.Build.0 = Release|Any CPU
		{74C74FE1-18B8-4A72-9510-6B790E7441DD}.Release|x64.ActiveCfg = Release|Any CPU
		{74C74FE1-18B8-4A72-9510-6B790E7441DD}.Release|x64.Build.0 = Release|Any CPU
		{74C74FE1-18B8-4A72-9510-6B790E7441DD}.Release|x86.ActiveCfg = Release|Any CPU
		{74C74FE1-18B8-4A72-9510-6B790E7441DD}.Release|x86.Build.0 = Release|Any CPU
		{59A9C34C-DE61-4DB7-B1A4-7B234AA52CF3}.Debug|Any CPU.ActiveCfg = Debug|Any CPU
		{59A9C34C-DE61-4DB7-B1A4-7B234AA52CF3}.Debug|Any CPU.Build.0 = Debug|Any CPU
		{59A9C34C-DE61-4DB7-B1A4-7B234AA52CF3}.Debug|x64.ActiveCfg = Debug|Any CPU
		{59A9C34C-DE61-4DB7-B1A4-7B234AA52CF3}.Debug|x64.Build.0 = Debug|Any CPU
		{59A9C34C-DE61-4DB7-B1A4-7B234AA52CF3}.Debug|x86.ActiveCfg = Debug|Any CPU
		{59A9C34C-DE61-4DB7-B1A4-7B234AA52CF3}.Debug|x86.Build.0 = Debug|Any CPU
		{59A9C34C-DE61-4DB7-B1A4-7B234AA52CF3}.Release|Any CPU.ActiveCfg = Release|Any CPU
		{59A9C34C-DE61-4DB7-B1A4-7B234AA52CF3}.Release|Any CPU.Build.0 = Release|Any CPU
		{59A9C34C-DE61-4DB7-B1A4-7B234AA52CF3}.Release|x64.ActiveCfg = Release|Any CPU
		{59A9C34C-DE61-4DB7-B1A4-7B234AA52CF3}.Release|x64.Build.0 = Release|Any CPU
		{59A9C34C-DE61-4DB7-B1A4-7B234AA52CF3}.Release|x86.ActiveCfg = Release|Any CPU
		{59A9C34C-DE61-4DB7-B1A4-7B234AA52CF3}.Release|x86.Build.0 = Release|Any CPU
	EndGlobalSection
	GlobalSection(SolutionProperties) = preSolution
		HideSolutionNode = FALSE
	EndGlobalSection
	GlobalSection(NestedProjects) = preSolution
		{86A0AB8A-102B-47AC-8EEC-CD7B1B34030B} = {02EA681E-C7D8-13C7-8484-4AC65E1B71E8}
		{803719B9-71A7-4FCD-AF60-D0154BCCEDEF} = {23081F03-80C4-413A-87E6-EE37F35D8198}
		{0324183B-7C8C-4342-87DB-534B7D061CE6} = {8C6BB1D9-C88F-4BAB-9AE4-5433BB184E3B}
		{E1C3CEE2-160B-4666-927D-6036B5C6175F} = {B66429B4-3C2D-4B8D-8575-AC61C115B4FA}
		{74C74FE1-18B8-4A72-9510-6B790E7441DD} = {00D12C17-67B8-405B-8EC6-F5629151AA38}
		{02EA681E-C7D8-13C7-8484-4AC65E1B71E8} = {827E0CD3-B72D-47B6-A68D-7590B98EB39B}
		{23081F03-80C4-413A-87E6-EE37F35D8198} = {827E0CD3-B72D-47B6-A68D-7590B98EB39B}
		{8C6BB1D9-C88F-4BAB-9AE4-5433BB184E3B} = {827E0CD3-B72D-47B6-A68D-7590B98EB39B}
		{00D12C17-67B8-405B-8EC6-F5629151AA38} = {827E0CD3-B72D-47B6-A68D-7590B98EB39B}
		{B66429B4-3C2D-4B8D-8575-AC61C115B4FA} = {827E0CD3-B72D-47B6-A68D-7590B98EB39B}
		{7436A0D7-4A31-452F-AC62-A2593CFDB6C5} = {827E0CD3-B72D-47B6-A68D-7590B98EB39B}
		{59A9C34C-DE61-4DB7-B1A4-7B234AA52CF3} = {7436A0D7-4A31-452F-AC62-A2593CFDB6C5}
	EndGlobalSection
	GlobalSection(ExtensibilityGlobals) = postSolution
		SolutionGuid = {5AF229C1-D0F5-4048-A536-12A9366D117E}
	EndGlobalSection
EndGlobal
